PODS:
  - AFNetworking (2.2.4):
    - AFNetworking/NSURLConnection
    - AFNetworking/NSURLSession
    - AFNetworking/Reachability
    - AFNetworking/Security
    - AFNetworking/Serialization
    - AFNetworking/UIKit
  - AFNetworking/NSURLConnection (2.2.4):
    - AFNetworking/Reachability
    - AFNetworking/Security
    - AFNetworking/Serialization
  - AFNetworking/NSURLSession (2.2.4):
    - AFNetworking/NSURLConnection
  - AFNetworking/Reachability (2.2.4)
  - AFNetworking/Security (2.2.4)
  - AFNetworking/Serialization (2.2.4)
  - AFNetworking/UIKit (2.2.4):
    - AFNetworking/NSURLConnection
    - AFNetworking/NSURLSession
  - CocoaLumberjack (1.9.0):
    - CocoaLumberjack/CLI
    - CocoaLumberjack/Core
    - CocoaLumberjack/Extensions
  - CocoaLumberjack/CLI (1.9.0):
    - CocoaLumberjack/Core
  - CocoaLumberjack/Core (1.9.0)
  - CocoaLumberjack/Extensions (1.9.0):
    - CocoaLumberjack/Core
  - JSONModel (0.13.0)
  - OpenUDID (1.0.0)
  - PubNub (3.6.1)
  - Reachability (3.1.1)
  - SSKeychain (1.2.2)

DEPENDENCIES:
  - AFNetworking (~> 2.0)
  - CocoaLumberjack
  - JSONModel
  - OpenUDID
  - PubNub (= 3.6.1)
  - Reachability (~> 3.0)
  - SSKeychain

SPEC CHECKSUMS:
  AFNetworking: ab63e259fe91eef4519b371ef0a4955af0e73e64
  CocoaLumberjack: 5766cdd1d0a24bcf15a133c6023747346bf786dd
  JSONModel: 62ea96b49ea18a8b91ef89c249dba291d8601d82
  OpenUDID: 5a23b7477755efc2d7871b57aa79ba3089c40b74
  PubNub: 7dfc5d20f1419aa60ef66b267b34e80ffbc4d517
  Reachability: 8e9635e3cb4f98e7f825e51147f677ecc694d0e7
  SSKeychain: cc48bd3ad24fcd9125adb9e0d23dd50b8bbd08b9

COCOAPODS: 0.32.1
