<?xml version="1.0" encoding="UTF-8"?>
<Scheme
   LastUpgradeVersion = "0620"
   version = "1.3">
   <BuildAction
      parallelizeBuildables = "YES"
      buildImplicitDependencies = "YES">
      <BuildActionEntries>
         <BuildActionEntry
            buildForTesting = "YES"
            buildForRunning = "YES"
            buildForProfiling = "YES"
            buildForArchiving = "YES"
            buildForAnalyzing = "YES">
            <BuildableReference
               BuildableIdentifier = "primary"
               BlueprintIdentifier = "C50645921ABD7FD500CB4BE3"
               BuildableName = "WrapLiveWatchKitApp-Development.app"
               BlueprintName = "WrapLiveWatchKitApp-Development"
               ReferencedContainer = "container:WrapLive.xcodeproj">
            </BuildableReference>
         </BuildActionEntry>
         <BuildActionEntry
            buildForTesting = "YES"
            buildForRunning = "YES"
            buildForProfiling = "YES"
            buildForArchiving = "YES"
            buildForAnalyzing = "YES">
            <BuildableReference
               BuildableIdentifier = "primary"
               BlueprintIdentifier = "C50645831ABD7FD400CB4BE3"
               BuildableName = "WrapLiveWatchKitExtension-Development.appex"
               BlueprintName = "WrapLiveWatchKitExtension-Development"
               ReferencedContainer = "container:WrapLive.xcodeproj">
            </BuildableReference>
         </BuildActionEntry>
         <BuildActionEntry
            buildForTesting = "YES"
            buildForRunning = "YES"
            buildForProfiling = "YES"
            buildForArchiving = "YES"
            buildForAnalyzing = "YES">
            <BuildableReference
               BuildableIdentifier = "primary"
               BlueprintIdentifier = "12A7A6FE18DA0945008FF6F0"
               BuildableName = "WrapLive-Development.app"
               BlueprintName = "WrapLive-Development"
               ReferencedContainer = "container:WrapLive.xcodeproj">
            </BuildableReference>
         </BuildActionEntry>
      </BuildActionEntries>
   </BuildAction>
   <TestAction
      selectedDebuggerIdentifier = "Xcode.DebuggerFoundation.Debugger.LLDB"
      selectedLauncherIdentifier = "Xcode.DebuggerFoundation.Launcher.LLDB"
      shouldUseLaunchSchemeArgsEnv = "YES"
      buildConfiguration = "Debug">
      <Testables>
      </Testables>
      <MacroExpansion>
         <BuildableReference
            BuildableIdentifier = "primary"
            BlueprintIdentifier = "C50645921ABD7FD500CB4BE3"
            BuildableName = "WrapLiveWatchKitApp-Development.app"
            BlueprintName = "WrapLiveWatchKitApp-Development"
            ReferencedContainer = "container:WrapLive.xcodeproj">
         </BuildableReference>
      </MacroExpansion>
   </TestAction>
   <LaunchAction
      selectedDebuggerIdentifier = "Xcode.DebuggerFoundation.Debugger.LLDB"
      selectedLauncherIdentifier = "Xcode.DebuggerFoundation.Launcher.LLDB"
      launchStyle = "0"
      useCustomWorkingDirectory = "NO"
      buildConfiguration = "Debug"
      ignoresPersistentStateOnLaunch = "NO"
      debugDocumentVersioning = "YES"
      allowLocationSimulation = "YES">
      <RemoteRunnable
         runnableDebuggingMode = "2"
         BundleIdentifier = "com.apple.springboard"
         RemotePath = "/wrapLive">
         <BuildableReference
            BuildableIdentifier = "primary"
            BlueprintIdentifier = "C50645921ABD7FD500CB4BE3"
            BuildableName = "WrapLiveWatchKitApp-Development.app"
            BlueprintName = "WrapLiveWatchKitApp-Development"
            ReferencedContainer = "container:WrapLive.xcodeproj">
         </BuildableReference>
      </RemoteRunnable>
      <MacroExpansion>
         <BuildableReference
            BuildableIdentifier = "primary"
            BlueprintIdentifier = "C50645921ABD7FD500CB4BE3"
            BuildableName = "WrapLiveWatchKitApp-Development.app"
            BlueprintName = "WrapLiveWatchKitApp-Development"
            ReferencedContainer = "container:WrapLive.xcodeproj">
         </BuildableReference>
      </MacroExpansion>
      <AdditionalOptions>
      </AdditionalOptions>
   </LaunchAction>
   <ProfileAction
      shouldUseLaunchSchemeArgsEnv = "YES"
      savedToolIdentifier = ""
      useCustomWorkingDirectory = "NO"
      buildConfiguration = "Release"
      debugDocumentVersioning = "YES">
      <RemoteRunnable
         runnableDebuggingMode = "2"
         BundleIdentifier = "com.apple.springboard"
         RemotePath = "/wrapLive">
         <BuildableReference
            BuildableIdentifier = "primary"
            BlueprintIdentifier = "C50645921ABD7FD500CB4BE3"
            BuildableName = "WrapLiveWatchKitApp-Development.app"
            BlueprintName = "WrapLiveWatchKitApp-Development"
            ReferencedContainer = "container:WrapLive.xcodeproj">
         </BuildableReference>
      </RemoteRunnable>
      <MacroExpansion>
         <BuildableReference
            BuildableIdentifier = "primary"
            BlueprintIdentifier = "C50645921ABD7FD500CB4BE3"
            BuildableName = "WrapLiveWatchKitApp-Development.app"
            BlueprintName = "WrapLiveWatchKitApp-Development"
            ReferencedContainer = "container:WrapLive.xcodeproj">
         </BuildableReference>
      </MacroExpansion>
   </ProfileAction>
   <AnalyzeAction
      buildConfiguration = "Debug">
   </AnalyzeAction>
   <ArchiveAction
      buildConfiguration = "Release"
      revealArchiveInOrganizer = "YES">
   </ArchiveAction>
</Scheme>
