// !$*UTF8*$!
{
	archiveVersion = 1;
	classes = {
	};
	objectVersion = 46;
	objects = {

/* Begin PBXBuildFile section */
		121B1B2E18E07430001F585C /* WLCountry.m in Sources */ = {isa = PBXBuildFile; fileRef = 121B1B2D18E07430001F585C /* WLCountry.m */; };
		121B1B3118E0749F001F585C /* WLDummyWraps.plist in Resources */ = {isa = PBXBuildFile; fileRef = 121B1B3018E0749F001F585C /* WLDummyWraps.plist */; };
		121B1B3318E074D0001F585C /* WLCountries.plist in Resources */ = {isa = PBXBuildFile; fileRef = 121B1B3218E074D0001F585C /* WLCountries.plist */; };
		125D4A4618E06710001B8E7C /* WLCountiesViewController.m in Sources */ = {isa = PBXBuildFile; fileRef = 125D4A4418E06710001B8E7C /* WLCountiesViewController.m */; };
		125D4A4718E06710001B8E7C /* WLCountiesViewController.xib in Resources */ = {isa = PBXBuildFile; fileRef = 125D4A4518E06710001B8E7C /* WLCountiesViewController.xib */; };
		125D4A4B18E0679A001B8E7C /* UILabel+CustomFonts.m in Sources */ = {isa = PBXBuildFile; fileRef = 125D4A4A18E0679A001B8E7C /* UILabel+CustomFonts.m */; };
		125D4A4F18E068E6001B8E7C /* NSDate+Formatting.m in Sources */ = {isa = PBXBuildFile; fileRef = 125D4A4E18E068E6001B8E7C /* NSDate+Formatting.m */; };
		125D4A5318E069C6001B8E7C /* UIFont+CustomFonts.m in Sources */ = {isa = PBXBuildFile; fileRef = 125D4A5218E069C6001B8E7C /* UIFont+CustomFonts.m */; };
		125D4A5818E0729B001B8E7C /* WLCountryCell.m in Sources */ = {isa = PBXBuildFile; fileRef = 125D4A5618E0729B001B8E7C /* WLCountryCell.m */; };
		125D4A5918E0729B001B8E7C /* WLCountryCell.xib in Resources */ = {isa = PBXBuildFile; fileRef = 125D4A5718E0729B001B8E7C /* WLCountryCell.xib */; };
		128886AD18DC493B00957B22 /* WLSession.m in Sources */ = {isa = PBXBuildFile; fileRef = 128886AC18DC493B00957B22 /* WLSession.m */; };
		128886B118DC90E000957B22 /* WLArchivingObject.m in Sources */ = {isa = PBXBuildFile; fileRef = 128886B018DC90E000957B22 /* WLArchivingObject.m */; };
		12A7A70318DA0945008FF6F0 /* Foundation.framework in Frameworks */ = {isa = PBXBuildFile; fileRef = 12A7A70218DA0945008FF6F0 /* Foundation.framework */; };
		12A7A70518DA0945008FF6F0 /* CoreGraphics.framework in Frameworks */ = {isa = PBXBuildFile; fileRef = 12A7A70418DA0945008FF6F0 /* CoreGraphics.framework */; };
		12A7A70718DA0945008FF6F0 /* UIKit.framework in Frameworks */ = {isa = PBXBuildFile; fileRef = 12A7A70618DA0945008FF6F0 /* UIKit.framework */; };
		12A7A70D18DA0946008FF6F0 /* InfoPlist.strings in Resources */ = {isa = PBXBuildFile; fileRef = 12A7A70B18DA0946008FF6F0 /* InfoPlist.strings */; };
		12A7A70F18DA0946008FF6F0 /* main.m in Sources */ = {isa = PBXBuildFile; fileRef = 12A7A70E18DA0946008FF6F0 /* main.m */; };
		12A7A71318DA0946008FF6F0 /* WLAppDelegate.m in Sources */ = {isa = PBXBuildFile; fileRef = 12A7A71218DA0946008FF6F0 /* WLAppDelegate.m */; };
		12A7A71618DA0946008FF6F0 /* Main.storyboard in Resources */ = {isa = PBXBuildFile; fileRef = 12A7A71418DA0946008FF6F0 /* Main.storyboard */; };
		12A7A73D18DA0A06008FF6F0 /* WLWelcomeViewController.m in Sources */ = {isa = PBXBuildFile; fileRef = 12A7A73C18DA0A06008FF6F0 /* WLWelcomeViewController.m */; };
		12A7A74118DA10DD008FF6F0 /* WLSignUpViewController.m in Sources */ = {isa = PBXBuildFile; fileRef = 12A7A74018DA10DD008FF6F0 /* WLSignUpViewController.m */; };
		12A7A74518DA180C008FF6F0 /* WLHomeViewController.m in Sources */ = {isa = PBXBuildFile; fileRef = 12A7A74418DA180C008FF6F0 /* WLHomeViewController.m */; };
		12DCBA5818DAF98C00A4BC44 /* WLAPIManager.m in Sources */ = {isa = PBXBuildFile; fileRef = 12DCBA5718DAF98C00A4BC44 /* WLAPIManager.m */; };
		12DCBA5F18DB0DA700A4BC44 /* WLUser.m in Sources */ = {isa = PBXBuildFile; fileRef = 12DCBA5E18DB0DA700A4BC44 /* WLUser.m */; };
		12DCBA6318DB0DEF00A4BC44 /* WLEntry.m in Sources */ = {isa = PBXBuildFile; fileRef = 12DCBA6218DB0DEF00A4BC44 /* WLEntry.m */; };
		12DCBA6718DB0E4A00A4BC44 /* WLWrap.m in Sources */ = {isa = PBXBuildFile; fileRef = 12DCBA6618DB0E4A00A4BC44 /* WLWrap.m */; };
		12DCBA6B18DB0E6600A4BC44 /* WLComment.m in Sources */ = {isa = PBXBuildFile; fileRef = 12DCBA6A18DB0E6600A4BC44 /* WLComment.m */; };
		12DCBA6F18DB0E7F00A4BC44 /* WLWrapEntry.m in Sources */ = {isa = PBXBuildFile; fileRef = 12DCBA6E18DB0E7F00A4BC44 /* WLWrapEntry.m */; };
		12DCBA7318DB0E9700A4BC44 /* WLImage.m in Sources */ = {isa = PBXBuildFile; fileRef = 12DCBA7218DB0E9700A4BC44 /* WLImage.m */; };
		12DCBA7718DB0EB800A4BC44 /* WLConversation.m in Sources */ = {isa = PBXBuildFile; fileRef = 12DCBA7618DB0EB800A4BC44 /* WLConversation.m */; };
		12DCBA7C18DB17D000A4BC44 /* WLWrapCell.m in Sources */ = {isa = PBXBuildFile; fileRef = 12DCBA7A18DB17D000A4BC44 /* WLWrapCell.m */; };
		12DCBA8418DB18F400A4BC44 /* WLCollectionItemCell.m in Sources */ = {isa = PBXBuildFile; fileRef = 12DCBA8018DB18F400A4BC44 /* WLCollectionItemCell.m */; };
		12DCBA8518DB18F400A4BC44 /* WLItemCell.m in Sources */ = {isa = PBXBuildFile; fileRef = 12DCBA8218DB18F400A4BC44 /* WLItemCell.m */; };
		12DCBA8B18DB39B500A4BC44 /* WLWrapViewController.m in Sources */ = {isa = PBXBuildFile; fileRef = 12DCBA8A18DB39B500A4BC44 /* WLWrapViewController.m */; };
		12E3DA3F18E0399700DBDB79 /* WLCameraViewController.m in Sources */ = {isa = PBXBuildFile; fileRef = 12E3DA3E18E0399700DBDB79 /* WLCameraViewController.m */; };
		12E3DA4218E03EB000DBDB79 /* WLSupportFunctions.m in Sources */ = {isa = PBXBuildFile; fileRef = 12E3DA4118E03EB000DBDB79 /* WLSupportFunctions.m */; };
		12E3DA5118E049C300DBDB79 /* OpenSans-Bold.ttf in Resources */ = {isa = PBXBuildFile; fileRef = 12E3DA4618E049C300DBDB79 /* OpenSans-Bold.ttf */; };
		12E3DA5218E049C300DBDB79 /* OpenSans-BoldItalic.ttf in Resources */ = {isa = PBXBuildFile; fileRef = 12E3DA4718E049C300DBDB79 /* OpenSans-BoldItalic.ttf */; };
		12E3DA5318E049C300DBDB79 /* OpenSans-ExtraBold.ttf in Resources */ = {isa = PBXBuildFile; fileRef = 12E3DA4818E049C300DBDB79 /* OpenSans-ExtraBold.ttf */; };
		12E3DA5418E049C300DBDB79 /* OpenSans-ExtraBoldItalic.ttf in Resources */ = {isa = PBXBuildFile; fileRef = 12E3DA4918E049C300DBDB79 /* OpenSans-ExtraBoldItalic.ttf */; };
		12E3DA5518E049C300DBDB79 /* OpenSans-Italic.ttf in Resources */ = {isa = PBXBuildFile; fileRef = 12E3DA4A18E049C300DBDB79 /* OpenSans-Italic.ttf */; };
		12E3DA5618E049C300DBDB79 /* OpenSans-Light.ttf in Resources */ = {isa = PBXBuildFile; fileRef = 12E3DA4B18E049C300DBDB79 /* OpenSans-Light.ttf */; };
		12E3DA5718E049C300DBDB79 /* OpenSans-LightItalic.ttf in Resources */ = {isa = PBXBuildFile; fileRef = 12E3DA4C18E049C300DBDB79 /* OpenSans-LightItalic.ttf */; };
		12E3DA5818E049C300DBDB79 /* OpenSans-Regular.ttf in Resources */ = {isa = PBXBuildFile; fileRef = 12E3DA4D18E049C300DBDB79 /* OpenSans-Regular.ttf */; };
		12E3DA5918E049C300DBDB79 /* OpenSans-Semibold.ttf in Resources */ = {isa = PBXBuildFile; fileRef = 12E3DA4E18E049C300DBDB79 /* OpenSans-Semibold.ttf */; };
		12E3DA5A18E049C300DBDB79 /* OpenSans-SemiboldItalic.ttf in Resources */ = {isa = PBXBuildFile; fileRef = 12E3DA4F18E049C300DBDB79 /* OpenSans-SemiboldItalic.ttf */; };
		12E3DA5B18E049C300DBDB79 /* Images.xcassets in Resources */ = {isa = PBXBuildFile; fileRef = 12E3DA5018E049C300DBDB79 /* Images.xcassets */; };
		12E3DA6418E04CC400DBDB79 /* UIImage+Alpha.m in Sources */ = {isa = PBXBuildFile; fileRef = 12E3DA5F18E04CC400DBDB79 /* UIImage+Alpha.m */; };
		12E3DA6518E04CC400DBDB79 /* UIImage+Resize.m in Sources */ = {isa = PBXBuildFile; fileRef = 12E3DA6118E04CC400DBDB79 /* UIImage+Resize.m */; };
		12E3DA6618E04CC400DBDB79 /* UIImage+RoundedCorner.m in Sources */ = {isa = PBXBuildFile; fileRef = 12E3DA6318E04CC400DBDB79 /* UIImage+RoundedCorner.m */; };
		607AAB536152441CB1C4F352 /* libPods.a in Frameworks */ = {isa = PBXBuildFile; fileRef = F46AAD6EA25A4C5DAA4B5C1C /* libPods.a */; };
/* End PBXBuildFile section */

/* Begin PBXFileReference section */
		121B1B2C18E07430001F585C /* WLCountry.h */ = {isa = PBXFileReference; fileEncoding = 4; lastKnownFileType = sourcecode.c.h; name = WLCountry.h; path = WLCountry/WLCountry.h; sourceTree = "<group>"; };
		121B1B2D18E07430001F585C /* WLCountry.m */ = {isa = PBXFileReference; fileEncoding = 4; lastKnownFileType = sourcecode.c.objc; name = WLCountry.m; path = WLCountry/WLCountry.m; sourceTree = "<group>"; };
		121B1B3018E0749F001F585C /* WLDummyWraps.plist */ = {isa = PBXFileReference; fileEncoding = 4; lastKnownFileType = text.plist.xml; path = WLDummyWraps.plist; sourceTree = "<group>"; };
		121B1B3218E074D0001F585C /* WLCountries.plist */ = {isa = PBXFileReference; fileEncoding = 4; lastKnownFileType = text.plist.xml; path = WLCountries.plist; sourceTree = "<group>"; };
		125D4A4318E06710001B8E7C /* WLCountiesViewController.h */ = {isa = PBXFileReference; fileEncoding = 4; lastKnownFileType = sourcecode.c.h; path = WLCountiesViewController.h; sourceTree = "<group>"; };
		125D4A4418E06710001B8E7C /* WLCountiesViewController.m */ = {isa = PBXFileReference; fileEncoding = 4; lastKnownFileType = sourcecode.c.objc; path = WLCountiesViewController.m; sourceTree = "<group>"; };
		125D4A4518E06710001B8E7C /* WLCountiesViewController.xib */ = {isa = PBXFileReference; fileEncoding = 4; lastKnownFileType = file.xib; path = WLCountiesViewController.xib; sourceTree = "<group>"; };
		125D4A4918E0679A001B8E7C /* UILabel+CustomFonts.h */ = {isa = PBXFileReference; fileEncoding = 4; lastKnownFileType = sourcecode.c.h; name = "UILabel+CustomFonts.h"; path = "UILabel/UILabel+CustomFonts.h"; sourceTree = "<group>"; };
		125D4A4A18E0679A001B8E7C /* UILabel+CustomFonts.m */ = {isa = PBXFileReference; fileEncoding = 4; lastKnownFileType = sourcecode.c.objc; name = "UILabel+CustomFonts.m"; path = "UILabel/UILabel+CustomFonts.m"; sourceTree = "<group>"; };
		125D4A4D18E068E6001B8E7C /* NSDate+Formatting.h */ = {isa = PBXFileReference; fileEncoding = 4; lastKnownFileType = sourcecode.c.h; path = "NSDate+Formatting.h"; sourceTree = "<group>"; };
		125D4A4E18E068E6001B8E7C /* NSDate+Formatting.m */ = {isa = PBXFileReference; fileEncoding = 4; lastKnownFileType = sourcecode.c.objc; path = "NSDate+Formatting.m"; sourceTree = "<group>"; };
		125D4A5118E069C6001B8E7C /* UIFont+CustomFonts.h */ = {isa = PBXFileReference; fileEncoding = 4; lastKnownFileType = sourcecode.c.h; name = "UIFont+CustomFonts.h"; path = "UIFont/UIFont+CustomFonts.h"; sourceTree = "<group>"; };
		125D4A5218E069C6001B8E7C /* UIFont+CustomFonts.m */ = {isa = PBXFileReference; fileEncoding = 4; lastKnownFileType = sourcecode.c.objc; name = "UIFont+CustomFonts.m"; path = "UIFont/UIFont+CustomFonts.m"; sourceTree = "<group>"; };
		125D4A5518E0729B001B8E7C /* WLCountryCell.h */ = {isa = PBXFileReference; fileEncoding = 4; lastKnownFileType = sourcecode.c.h; name = WLCountryCell.h; path = WLCountryCell/WLCountryCell.h; sourceTree = "<group>"; };
		125D4A5618E0729B001B8E7C /* WLCountryCell.m */ = {isa = PBXFileReference; fileEncoding = 4; lastKnownFileType = sourcecode.c.objc; name = WLCountryCell.m; path = WLCountryCell/WLCountryCell.m; sourceTree = "<group>"; };
		125D4A5718E0729B001B8E7C /* WLCountryCell.xib */ = {isa = PBXFileReference; fileEncoding = 4; lastKnownFileType = file.xib; name = WLCountryCell.xib; path = WLCountryCell/WLCountryCell.xib; sourceTree = "<group>"; };
		128886AB18DC493B00957B22 /* WLSession.h */ = {isa = PBXFileReference; fileEncoding = 4; lastKnownFileType = sourcecode.c.h; name = WLSession.h; path = WLSession/WLSession.h; sourceTree = "<group>"; };
		128886AC18DC493B00957B22 /* WLSession.m */ = {isa = PBXFileReference; fileEncoding = 4; lastKnownFileType = sourcecode.c.objc; name = WLSession.m; path = WLSession/WLSession.m; sourceTree = "<group>"; };
		128886AF18DC90E000957B22 /* WLArchivingObject.h */ = {isa = PBXFileReference; fileEncoding = 4; lastKnownFileType = sourcecode.c.h; name = WLArchivingObject.h; path = WLArchivingObject/WLArchivingObject.h; sourceTree = "<group>"; };
		128886B018DC90E000957B22 /* WLArchivingObject.m */ = {isa = PBXFileReference; fileEncoding = 4; lastKnownFileType = sourcecode.c.objc; name = WLArchivingObject.m; path = WLArchivingObject/WLArchivingObject.m; sourceTree = "<group>"; };
		12A7A6FF18DA0945008FF6F0 /* WrapLive.app */ = {isa = PBXFileReference; explicitFileType = wrapper.application; includeInIndex = 0; path = WrapLive.app; sourceTree = BUILT_PRODUCTS_DIR; };
		12A7A70218DA0945008FF6F0 /* Foundation.framework */ = {isa = PBXFileReference; lastKnownFileType = wrapper.framework; name = Foundation.framework; path = System/Library/Frameworks/Foundation.framework; sourceTree = SDKROOT; };
		12A7A70418DA0945008FF6F0 /* CoreGraphics.framework */ = {isa = PBXFileReference; lastKnownFileType = wrapper.framework; name = CoreGraphics.framework; path = System/Library/Frameworks/CoreGraphics.framework; sourceTree = SDKROOT; };
		12A7A70618DA0945008FF6F0 /* UIKit.framework */ = {isa = PBXFileReference; lastKnownFileType = wrapper.framework; name = UIKit.framework; path = System/Library/Frameworks/UIKit.framework; sourceTree = SDKROOT; };
		12A7A70A18DA0946008FF6F0 /* WrapLive-Info.plist */ = {isa = PBXFileReference; lastKnownFileType = text.plist.xml; path = "WrapLive-Info.plist"; sourceTree = "<group>"; };
		12A7A70C18DA0946008FF6F0 /* en */ = {isa = PBXFileReference; lastKnownFileType = text.plist.strings; name = en; path = en.lproj/InfoPlist.strings; sourceTree = "<group>"; };
		12A7A70E18DA0946008FF6F0 /* main.m */ = {isa = PBXFileReference; lastKnownFileType = sourcecode.c.objc; path = main.m; sourceTree = "<group>"; };
		12A7A71018DA0946008FF6F0 /* WrapLive-Prefix.pch */ = {isa = PBXFileReference; lastKnownFileType = sourcecode.c.h; path = "WrapLive-Prefix.pch"; sourceTree = "<group>"; };
		12A7A71118DA0946008FF6F0 /* WLAppDelegate.h */ = {isa = PBXFileReference; lastKnownFileType = sourcecode.c.h; path = WLAppDelegate.h; sourceTree = "<group>"; };
		12A7A71218DA0946008FF6F0 /* WLAppDelegate.m */ = {isa = PBXFileReference; lastKnownFileType = sourcecode.c.objc; path = WLAppDelegate.m; sourceTree = "<group>"; };
		12A7A71518DA0946008FF6F0 /* Base */ = {isa = PBXFileReference; lastKnownFileType = file.storyboard; name = Base; path = Base.lproj/Main.storyboard; sourceTree = "<group>"; };
		12A7A72118DA0946008FF6F0 /* XCTest.framework */ = {isa = PBXFileReference; lastKnownFileType = wrapper.framework; name = XCTest.framework; path = Library/Frameworks/XCTest.framework; sourceTree = DEVELOPER_DIR; };
		12A7A73B18DA0A06008FF6F0 /* WLWelcomeViewController.h */ = {isa = PBXFileReference; fileEncoding = 4; lastKnownFileType = sourcecode.c.h; path = WLWelcomeViewController.h; sourceTree = "<group>"; };
		12A7A73C18DA0A06008FF6F0 /* WLWelcomeViewController.m */ = {isa = PBXFileReference; fileEncoding = 4; lastKnownFileType = sourcecode.c.objc; path = WLWelcomeViewController.m; sourceTree = "<group>"; };
		12A7A73F18DA10DD008FF6F0 /* WLSignUpViewController.h */ = {isa = PBXFileReference; fileEncoding = 4; lastKnownFileType = sourcecode.c.h; name = WLSignUpViewController.h; path = WLSignUpViewController/WLSignUpViewController.h; sourceTree = "<group>"; };
		12A7A74018DA10DD008FF6F0 /* WLSignUpViewController.m */ = {isa = PBXFileReference; fileEncoding = 4; lastKnownFileType = sourcecode.c.objc; name = WLSignUpViewController.m; path = WLSignUpViewController/WLSignUpViewController.m; sourceTree = "<group>"; };
		12A7A74318DA180C008FF6F0 /* WLHomeViewController.h */ = {isa = PBXFileReference; fileEncoding = 4; lastKnownFileType = sourcecode.c.h; name = WLHomeViewController.h; path = WLHomeViewController/WLHomeViewController.h; sourceTree = "<group>"; };
		12A7A74418DA180C008FF6F0 /* WLHomeViewController.m */ = {isa = PBXFileReference; fileEncoding = 4; lastKnownFileType = sourcecode.c.objc; name = WLHomeViewController.m; path = WLHomeViewController/WLHomeViewController.m; sourceTree = "<group>"; };
		12DCBA5618DAF98C00A4BC44 /* WLAPIManager.h */ = {isa = PBXFileReference; fileEncoding = 4; lastKnownFileType = sourcecode.c.h; name = WLAPIManager.h; path = WLAPIManager/WLAPIManager.h; sourceTree = "<group>"; };
		12DCBA5718DAF98C00A4BC44 /* WLAPIManager.m */ = {isa = PBXFileReference; fileEncoding = 4; lastKnownFileType = sourcecode.c.objc; name = WLAPIManager.m; path = WLAPIManager/WLAPIManager.m; sourceTree = "<group>"; };
		12DCBA5D18DB0DA700A4BC44 /* WLUser.h */ = {isa = PBXFileReference; fileEncoding = 4; lastKnownFileType = sourcecode.c.h; name = WLUser.h; path = WLUser/WLUser.h; sourceTree = "<group>"; };
		12DCBA5E18DB0DA700A4BC44 /* WLUser.m */ = {isa = PBXFileReference; fileEncoding = 4; lastKnownFileType = sourcecode.c.objc; name = WLUser.m; path = WLUser/WLUser.m; sourceTree = "<group>"; };
		12DCBA6118DB0DEF00A4BC44 /* WLEntry.h */ = {isa = PBXFileReference; fileEncoding = 4; lastKnownFileType = sourcecode.c.h; name = WLEntry.h; path = WLEntry/WLEntry.h; sourceTree = "<group>"; };
		12DCBA6218DB0DEF00A4BC44 /* WLEntry.m */ = {isa = PBXFileReference; fileEncoding = 4; lastKnownFileType = sourcecode.c.objc; name = WLEntry.m; path = WLEntry/WLEntry.m; sourceTree = "<group>"; };
		12DCBA6518DB0E4A00A4BC44 /* WLWrap.h */ = {isa = PBXFileReference; fileEncoding = 4; lastKnownFileType = sourcecode.c.h; name = WLWrap.h; path = WLWrap/WLWrap.h; sourceTree = "<group>"; };
		12DCBA6618DB0E4A00A4BC44 /* WLWrap.m */ = {isa = PBXFileReference; fileEncoding = 4; lastKnownFileType = sourcecode.c.objc; name = WLWrap.m; path = WLWrap/WLWrap.m; sourceTree = "<group>"; };
		12DCBA6918DB0E6600A4BC44 /* WLComment.h */ = {isa = PBXFileReference; fileEncoding = 4; lastKnownFileType = sourcecode.c.h; name = WLComment.h; path = WLComment/WLComment.h; sourceTree = "<group>"; };
		12DCBA6A18DB0E6600A4BC44 /* WLComment.m */ = {isa = PBXFileReference; fileEncoding = 4; lastKnownFileType = sourcecode.c.objc; name = WLComment.m; path = WLComment/WLComment.m; sourceTree = "<group>"; };
		12DCBA6D18DB0E7F00A4BC44 /* WLWrapEntry.h */ = {isa = PBXFileReference; fileEncoding = 4; lastKnownFileType = sourcecode.c.h; name = WLWrapEntry.h; path = WLWrapEntry/WLWrapEntry.h; sourceTree = "<group>"; };
		12DCBA6E18DB0E7F00A4BC44 /* WLWrapEntry.m */ = {isa = PBXFileReference; fileEncoding = 4; lastKnownFileType = sourcecode.c.objc; name = WLWrapEntry.m; path = WLWrapEntry/WLWrapEntry.m; sourceTree = "<group>"; };
		12DCBA7118DB0E9700A4BC44 /* WLImage.h */ = {isa = PBXFileReference; fileEncoding = 4; lastKnownFileType = sourcecode.c.h; name = WLImage.h; path = WLImage/WLImage.h; sourceTree = "<group>"; };
		12DCBA7218DB0E9700A4BC44 /* WLImage.m */ = {isa = PBXFileReference; fileEncoding = 4; lastKnownFileType = sourcecode.c.objc; name = WLImage.m; path = WLImage/WLImage.m; sourceTree = "<group>"; };
		12DCBA7518DB0EB800A4BC44 /* WLConversation.h */ = {isa = PBXFileReference; fileEncoding = 4; lastKnownFileType = sourcecode.c.h; name = WLConversation.h; path = WLConversation/WLConversation.h; sourceTree = "<group>"; };
		12DCBA7618DB0EB800A4BC44 /* WLConversation.m */ = {isa = PBXFileReference; fileEncoding = 4; lastKnownFileType = sourcecode.c.objc; name = WLConversation.m; path = WLConversation/WLConversation.m; sourceTree = "<group>"; };
		12DCBA7918DB17D000A4BC44 /* WLWrapCell.h */ = {isa = PBXFileReference; fileEncoding = 4; lastKnownFileType = sourcecode.c.h; name = WLWrapCell.h; path = WLHomeViewController/WLWrapCell/WLWrapCell.h; sourceTree = "<group>"; };
		12DCBA7A18DB17D000A4BC44 /* WLWrapCell.m */ = {isa = PBXFileReference; fileEncoding = 4; lastKnownFileType = sourcecode.c.objc; name = WLWrapCell.m; path = WLHomeViewController/WLWrapCell/WLWrapCell.m; sourceTree = "<group>"; };
		12DCBA7F18DB18F400A4BC44 /* WLCollectionItemCell.h */ = {isa = PBXFileReference; fileEncoding = 4; lastKnownFileType = sourcecode.c.h; path = WLCollectionItemCell.h; sourceTree = "<group>"; };
		12DCBA8018DB18F400A4BC44 /* WLCollectionItemCell.m */ = {isa = PBXFileReference; fileEncoding = 4; lastKnownFileType = sourcecode.c.objc; path = WLCollectionItemCell.m; sourceTree = "<group>"; };
		12DCBA8118DB18F400A4BC44 /* WLItemCell.h */ = {isa = PBXFileReference; fileEncoding = 4; lastKnownFileType = sourcecode.c.h; path = WLItemCell.h; sourceTree = "<group>"; };
		12DCBA8218DB18F400A4BC44 /* WLItemCell.m */ = {isa = PBXFileReference; fileEncoding = 4; lastKnownFileType = sourcecode.c.objc; path = WLItemCell.m; sourceTree = "<group>"; };
		12DCBA8318DB18F400A4BC44 /* WLItemCellProtocol.h */ = {isa = PBXFileReference; fileEncoding = 4; lastKnownFileType = sourcecode.c.h; path = WLItemCellProtocol.h; sourceTree = "<group>"; };
		12DCBA8918DB39B500A4BC44 /* WLWrapViewController.h */ = {isa = PBXFileReference; fileEncoding = 4; lastKnownFileType = sourcecode.c.h; name = WLWrapViewController.h; path = WLWrapViewController/WLWrapViewController.h; sourceTree = "<group>"; };
		12DCBA8A18DB39B500A4BC44 /* WLWrapViewController.m */ = {isa = PBXFileReference; fileEncoding = 4; lastKnownFileType = sourcecode.c.objc; name = WLWrapViewController.m; path = WLWrapViewController/WLWrapViewController.m; sourceTree = "<group>"; };
		12E3DA3D18E0399700DBDB79 /* WLCameraViewController.h */ = {isa = PBXFileReference; fileEncoding = 4; lastKnownFileType = sourcecode.c.h; path = WLCameraViewController.h; sourceTree = "<group>"; };
		12E3DA3E18E0399700DBDB79 /* WLCameraViewController.m */ = {isa = PBXFileReference; fileEncoding = 4; lastKnownFileType = sourcecode.c.objc; path = WLCameraViewController.m; sourceTree = "<group>"; };
		12E3DA4018E03EB000DBDB79 /* WLSupportFunctions.h */ = {isa = PBXFileReference; fileEncoding = 4; lastKnownFileType = sourcecode.c.h; path = WLSupportFunctions.h; sourceTree = "<group>"; };
		12E3DA4118E03EB000DBDB79 /* WLSupportFunctions.m */ = {isa = PBXFileReference; fileEncoding = 4; lastKnownFileType = sourcecode.c.objc; path = WLSupportFunctions.m; sourceTree = "<group>"; };
		12E3DA4618E049C300DBDB79 /* OpenSans-Bold.ttf */ = {isa = PBXFileReference; lastKnownFileType = file; path = "OpenSans-Bold.ttf"; sourceTree = "<group>"; };
		12E3DA4718E049C300DBDB79 /* OpenSans-BoldItalic.ttf */ = {isa = PBXFileReference; lastKnownFileType = file; path = "OpenSans-BoldItalic.ttf"; sourceTree = "<group>"; };
		12E3DA4818E049C300DBDB79 /* OpenSans-ExtraBold.ttf */ = {isa = PBXFileReference; lastKnownFileType = file; path = "OpenSans-ExtraBold.ttf"; sourceTree = "<group>"; };
		12E3DA4918E049C300DBDB79 /* OpenSans-ExtraBoldItalic.ttf */ = {isa = PBXFileReference; lastKnownFileType = file; path = "OpenSans-ExtraBoldItalic.ttf"; sourceTree = "<group>"; };
		12E3DA4A18E049C300DBDB79 /* OpenSans-Italic.ttf */ = {isa = PBXFileReference; lastKnownFileType = file; path = "OpenSans-Italic.ttf"; sourceTree = "<group>"; };
		12E3DA4B18E049C300DBDB79 /* OpenSans-Light.ttf */ = {isa = PBXFileReference; lastKnownFileType = file; path = "OpenSans-Light.ttf"; sourceTree = "<group>"; };
		12E3DA4C18E049C300DBDB79 /* OpenSans-LightItalic.ttf */ = {isa = PBXFileReference; lastKnownFileType = file; path = "OpenSans-LightItalic.ttf"; sourceTree = "<group>"; };
		12E3DA4D18E049C300DBDB79 /* OpenSans-Regular.ttf */ = {isa = PBXFileReference; lastKnownFileType = file; path = "OpenSans-Regular.ttf"; sourceTree = "<group>"; };
		12E3DA4E18E049C300DBDB79 /* OpenSans-Semibold.ttf */ = {isa = PBXFileReference; lastKnownFileType = file; path = "OpenSans-Semibold.ttf"; sourceTree = "<group>"; };
		12E3DA4F18E049C300DBDB79 /* OpenSans-SemiboldItalic.ttf */ = {isa = PBXFileReference; lastKnownFileType = file; path = "OpenSans-SemiboldItalic.ttf"; sourceTree = "<group>"; };
		12E3DA5018E049C300DBDB79 /* Images.xcassets */ = {isa = PBXFileReference; lastKnownFileType = folder.assetcatalog; path = Images.xcassets; sourceTree = "<group>"; };
		12E3DA5E18E04CC400DBDB79 /* UIImage+Alpha.h */ = {isa = PBXFileReference; fileEncoding = 4; lastKnownFileType = sourcecode.c.h; path = "UIImage+Alpha.h"; sourceTree = "<group>"; };
		12E3DA5F18E04CC400DBDB79 /* UIImage+Alpha.m */ = {isa = PBXFileReference; fileEncoding = 4; lastKnownFileType = sourcecode.c.objc; path = "UIImage+Alpha.m"; sourceTree = "<group>"; };
		12E3DA6018E04CC400DBDB79 /* UIImage+Resize.h */ = {isa = PBXFileReference; fileEncoding = 4; lastKnownFileType = sourcecode.c.h; path = "UIImage+Resize.h"; sourceTree = "<group>"; };
		12E3DA6118E04CC400DBDB79 /* UIImage+Resize.m */ = {isa = PBXFileReference; fileEncoding = 4; lastKnownFileType = sourcecode.c.objc; path = "UIImage+Resize.m"; sourceTree = "<group>"; };
		12E3DA6218E04CC400DBDB79 /* UIImage+RoundedCorner.h */ = {isa = PBXFileReference; fileEncoding = 4; lastKnownFileType = sourcecode.c.h; path = "UIImage+RoundedCorner.h"; sourceTree = "<group>"; };
		12E3DA6318E04CC400DBDB79 /* UIImage+RoundedCorner.m */ = {isa = PBXFileReference; fileEncoding = 4; lastKnownFileType = sourcecode.c.objc; path = "UIImage+RoundedCorner.m"; sourceTree = "<group>"; };
		98C86618D23B4CC5B2807E94 /* Pods.xcconfig */ = {isa = PBXFileReference; includeInIndex = 1; lastKnownFileType = text.xcconfig; name = Pods.xcconfig; path = Pods/Pods.xcconfig; sourceTree = "<group>"; };
		F46AAD6EA25A4C5DAA4B5C1C /* libPods.a */ = {isa = PBXFileReference; explicitFileType = archive.ar; includeInIndex = 0; path = libPods.a; sourceTree = BUILT_PRODUCTS_DIR; };
/* End PBXFileReference section */

/* Begin PBXFrameworksBuildPhase section */
		12A7A6FC18DA0945008FF6F0 /* Frameworks */ = {
			isa = PBXFrameworksBuildPhase;
			buildActionMask = 2147483647;
			files = (
				12A7A70518DA0945008FF6F0 /* CoreGraphics.framework in Frameworks */,
				12A7A70718DA0945008FF6F0 /* UIKit.framework in Frameworks */,
				12A7A70318DA0945008FF6F0 /* Foundation.framework in Frameworks */,
				607AAB536152441CB1C4F352 /* libPods.a in Frameworks */,
			);
			runOnlyForDeploymentPostprocessing = 0;
		};
/* End PBXFrameworksBuildPhase section */

/* Begin PBXGroup section */
		121B1B2B18E0741A001F585C /* WLCountry */ = {
			isa = PBXGroup;
			children = (
				121B1B2C18E07430001F585C /* WLCountry.h */,
				121B1B2D18E07430001F585C /* WLCountry.m */,
			);
			name = WLCountry;
			sourceTree = "<group>";
		};
		121B1B2F18E0749F001F585C /* Property Lists */ = {
			isa = PBXGroup;
			children = (
				121B1B3018E0749F001F585C /* WLDummyWraps.plist */,
				121B1B3218E074D0001F585C /* WLCountries.plist */,
			);
			path = "Property Lists";
			sourceTree = "<group>";
		};
		125D4A4218E06710001B8E7C /* WLCountiesViewController */ = {
			isa = PBXGroup;
			children = (
				125D4A5418E07283001B8E7C /* WLCountryCell */,
				125D4A4318E06710001B8E7C /* WLCountiesViewController.h */,
				125D4A4418E06710001B8E7C /* WLCountiesViewController.m */,
				125D4A4518E06710001B8E7C /* WLCountiesViewController.xib */,
			);
			path = WLCountiesViewController;
			sourceTree = "<group>";
		};
		125D4A4818E0676E001B8E7C /* UILabel */ = {
			isa = PBXGroup;
			children = (
				125D4A4918E0679A001B8E7C /* UILabel+CustomFonts.h */,
				125D4A4A18E0679A001B8E7C /* UILabel+CustomFonts.m */,
			);
			name = UILabel;
			sourceTree = "<group>";
		};
		125D4A4C18E068E6001B8E7C /* NSDate */ = {
			isa = PBXGroup;
			children = (
				125D4A4D18E068E6001B8E7C /* NSDate+Formatting.h */,
				125D4A4E18E068E6001B8E7C /* NSDate+Formatting.m */,
			);
			path = NSDate;
			sourceTree = "<group>";
		};
		125D4A5018E069B3001B8E7C /* UIFont */ = {
			isa = PBXGroup;
			children = (
				125D4A5118E069C6001B8E7C /* UIFont+CustomFonts.h */,
				125D4A5218E069C6001B8E7C /* UIFont+CustomFonts.m */,
			);
			name = UIFont;
			sourceTree = "<group>";
		};
		125D4A5418E07283001B8E7C /* WLCountryCell */ = {
			isa = PBXGroup;
			children = (
				125D4A5518E0729B001B8E7C /* WLCountryCell.h */,
				125D4A5618E0729B001B8E7C /* WLCountryCell.m */,
				125D4A5718E0729B001B8E7C /* WLCountryCell.xib */,
			);
			name = WLCountryCell;
			sourceTree = "<group>";
		};
		128886AA18DC492300957B22 /* WLSession */ = {
			isa = PBXGroup;
			children = (
				128886AB18DC493B00957B22 /* WLSession.h */,
				128886AC18DC493B00957B22 /* WLSession.m */,
			);
			name = WLSession;
			sourceTree = "<group>";
		};
		128886AE18DC902700957B22 /* WLArchivingObject */ = {
			isa = PBXGroup;
			children = (
				128886AF18DC90E000957B22 /* WLArchivingObject.h */,
				128886B018DC90E000957B22 /* WLArchivingObject.m */,
			);
			name = WLArchivingObject;
			sourceTree = "<group>";
		};
		12A7A6F618DA0945008FF6F0 = {
			isa = PBXGroup;
			children = (
				12A7A70818DA0945008FF6F0 /* WrapLive */,
				12A7A70118DA0945008FF6F0 /* Frameworks */,
				12A7A70018DA0945008FF6F0 /* Products */,
				98C86618D23B4CC5B2807E94 /* Pods.xcconfig */,
			);
			sourceTree = "<group>";
		};
		12A7A70018DA0945008FF6F0 /* Products */ = {
			isa = PBXGroup;
			children = (
				12A7A6FF18DA0945008FF6F0 /* WrapLive.app */,
			);
			name = Products;
			sourceTree = "<group>";
		};
		12A7A70118DA0945008FF6F0 /* Frameworks */ = {
			isa = PBXGroup;
			children = (
				12A7A70218DA0945008FF6F0 /* Foundation.framework */,
				12A7A70418DA0945008FF6F0 /* CoreGraphics.framework */,
				12A7A70618DA0945008FF6F0 /* UIKit.framework */,
				12A7A72118DA0946008FF6F0 /* XCTest.framework */,
				F46AAD6EA25A4C5DAA4B5C1C /* libPods.a */,
			);
			name = Frameworks;
			sourceTree = "<group>";
		};
		12A7A70818DA0945008FF6F0 /* WrapLive */ = {
			isa = PBXGroup;
			children = (
				12A7A71118DA0946008FF6F0 /* WLAppDelegate.h */,
				12A7A71218DA0946008FF6F0 /* WLAppDelegate.m */,
				12A7A71418DA0946008FF6F0 /* Main.storyboard */,
				12E3DA5C18E04CC400DBDB79 /* Categories */,
				12A7A73718DA09A9008FF6F0 /* Controllers */,
				12A7A73818DA09A9008FF6F0 /* Models */,
				12A7A73918DA09A9008FF6F0 /* Views */,
				12E3DA4318E049C300DBDB79 /* Resources */,
				12A7A70918DA0946008FF6F0 /* Supporting Files */,
			);
			path = WrapLive;
			sourceTree = "<group>";
		};
		12A7A70918DA0946008FF6F0 /* Supporting Files */ = {
			isa = PBXGroup;
			children = (
				12A7A70A18DA0946008FF6F0 /* WrapLive-Info.plist */,
				12A7A70B18DA0946008FF6F0 /* InfoPlist.strings */,
				12A7A70E18DA0946008FF6F0 /* main.m */,
				12A7A71018DA0946008FF6F0 /* WrapLive-Prefix.pch */,
			);
			name = "Supporting Files";
			sourceTree = "<group>";
		};
		12A7A73718DA09A9008FF6F0 /* Controllers */ = {
			isa = PBXGroup;
			children = (
				125D4A4218E06710001B8E7C /* WLCountiesViewController */,
				12E3DA3C18E0399700DBDB79 /* WLCameraViewController */,
				12DCBA8818DB399B00A4BC44 /* WLWrapViewController */,
				12A7A74218DA17F7008FF6F0 /* WLHomeViewController */,
				12A7A73E18DA109A008FF6F0 /* WLSignUpViewController */,
				12A7A73A18DA0A06008FF6F0 /* WLWelcomeViewController */,
			);
			path = Controllers;
			sourceTree = "<group>";
		};
		12A7A73818DA09A9008FF6F0 /* Models */ = {
			isa = PBXGroup;
			children = (
				121B1B2B18E0741A001F585C /* WLCountry */,
				12E3DA4018E03EB000DBDB79 /* WLSupportFunctions.h */,
				12E3DA4118E03EB000DBDB79 /* WLSupportFunctions.m */,
				128886AE18DC902700957B22 /* WLArchivingObject */,
				128886AA18DC492300957B22 /* WLSession */,
				12DCBA7418DB0EA000A4BC44 /* WLConversation */,
				12DCBA7018DB0E8200A4BC44 /* WLImage */,
				12DCBA6C18DB0E6A00A4BC44 /* WLWrapEntry */,
				12DCBA6818DB0E5100A4BC44 /* WLComment */,
				12DCBA6418DB0E3700A4BC44 /* WLWrap */,
				12DCBA6018DB0DAA00A4BC44 /* WLEntry */,
				12DCBA5918DB0D6E00A4BC44 /* WLUser */,
				12DCBA5218DAF93C00A4BC44 /* WLAPIManager */,
			);
			path = Models;
			sourceTree = "<group>";
		};
		12A7A73918DA09A9008FF6F0 /* Views */ = {
			isa = PBXGroup;
			children = (
				12DCBA7E18DB18F400A4BC44 /* Reusing Views */,
			);
			path = Views;
			sourceTree = "<group>";
		};
		12A7A73A18DA0A06008FF6F0 /* WLWelcomeViewController */ = {
			isa = PBXGroup;
			children = (
				12A7A73B18DA0A06008FF6F0 /* WLWelcomeViewController.h */,
				12A7A73C18DA0A06008FF6F0 /* WLWelcomeViewController.m */,
			);
			path = WLWelcomeViewController;
			sourceTree = "<group>";
		};
		12A7A73E18DA109A008FF6F0 /* WLSignUpViewController */ = {
			isa = PBXGroup;
			children = (
				12A7A73F18DA10DD008FF6F0 /* WLSignUpViewController.h */,
				12A7A74018DA10DD008FF6F0 /* WLSignUpViewController.m */,
			);
			name = WLSignUpViewController;
			sourceTree = "<group>";
		};
		12A7A74218DA17F7008FF6F0 /* WLHomeViewController */ = {
			isa = PBXGroup;
			children = (
				12DCBA7818DB17B000A4BC44 /* WLWrapCell */,
				12A7A74318DA180C008FF6F0 /* WLHomeViewController.h */,
				12A7A74418DA180C008FF6F0 /* WLHomeViewController.m */,
			);
			name = WLHomeViewController;
			sourceTree = "<group>";
		};
		12DCBA5218DAF93C00A4BC44 /* WLAPIManager */ = {
			isa = PBXGroup;
			children = (
				12DCBA5618DAF98C00A4BC44 /* WLAPIManager.h */,
				12DCBA5718DAF98C00A4BC44 /* WLAPIManager.m */,
			);
			name = WLAPIManager;
			sourceTree = "<group>";
		};
		12DCBA5918DB0D6E00A4BC44 /* WLUser */ = {
			isa = PBXGroup;
			children = (
				12DCBA5D18DB0DA700A4BC44 /* WLUser.h */,
				12DCBA5E18DB0DA700A4BC44 /* WLUser.m */,
			);
			name = WLUser;
			sourceTree = "<group>";
		};
		12DCBA6018DB0DAA00A4BC44 /* WLEntry */ = {
			isa = PBXGroup;
			children = (
				12DCBA6118DB0DEF00A4BC44 /* WLEntry.h */,
				12DCBA6218DB0DEF00A4BC44 /* WLEntry.m */,
			);
			name = WLEntry;
			sourceTree = "<group>";
		};
		12DCBA6418DB0E3700A4BC44 /* WLWrap */ = {
			isa = PBXGroup;
			children = (
				12DCBA6518DB0E4A00A4BC44 /* WLWrap.h */,
				12DCBA6618DB0E4A00A4BC44 /* WLWrap.m */,
			);
			name = WLWrap;
			sourceTree = "<group>";
		};
		12DCBA6818DB0E5100A4BC44 /* WLComment */ = {
			isa = PBXGroup;
			children = (
				12DCBA6918DB0E6600A4BC44 /* WLComment.h */,
				12DCBA6A18DB0E6600A4BC44 /* WLComment.m */,
			);
			name = WLComment;
			sourceTree = "<group>";
		};
		12DCBA6C18DB0E6A00A4BC44 /* WLWrapEntry */ = {
			isa = PBXGroup;
			children = (
				12DCBA6D18DB0E7F00A4BC44 /* WLWrapEntry.h */,
				12DCBA6E18DB0E7F00A4BC44 /* WLWrapEntry.m */,
			);
			name = WLWrapEntry;
			sourceTree = "<group>";
		};
		12DCBA7018DB0E8200A4BC44 /* WLImage */ = {
			isa = PBXGroup;
			children = (
				12DCBA7118DB0E9700A4BC44 /* WLImage.h */,
				12DCBA7218DB0E9700A4BC44 /* WLImage.m */,
			);
			name = WLImage;
			sourceTree = "<group>";
		};
		12DCBA7418DB0EA000A4BC44 /* WLConversation */ = {
			isa = PBXGroup;
			children = (
				12DCBA7518DB0EB800A4BC44 /* WLConversation.h */,
				12DCBA7618DB0EB800A4BC44 /* WLConversation.m */,
			);
			name = WLConversation;
			sourceTree = "<group>";
		};
		12DCBA7818DB17B000A4BC44 /* WLWrapCell */ = {
			isa = PBXGroup;
			children = (
				12DCBA7918DB17D000A4BC44 /* WLWrapCell.h */,
				12DCBA7A18DB17D000A4BC44 /* WLWrapCell.m */,
			);
			name = WLWrapCell;
			sourceTree = "<group>";
		};
		12DCBA7E18DB18F400A4BC44 /* Reusing Views */ = {
			isa = PBXGroup;
			children = (
				12DCBA7F18DB18F400A4BC44 /* WLCollectionItemCell.h */,
				12DCBA8018DB18F400A4BC44 /* WLCollectionItemCell.m */,
				12DCBA8118DB18F400A4BC44 /* WLItemCell.h */,
				12DCBA8218DB18F400A4BC44 /* WLItemCell.m */,
				12DCBA8318DB18F400A4BC44 /* WLItemCellProtocol.h */,
			);
			path = "Reusing Views";
			sourceTree = "<group>";
		};
		12DCBA8818DB399B00A4BC44 /* WLWrapViewController */ = {
			isa = PBXGroup;
			children = (
				12DCBA8918DB39B500A4BC44 /* WLWrapViewController.h */,
				12DCBA8A18DB39B500A4BC44 /* WLWrapViewController.m */,
			);
			name = WLWrapViewController;
			sourceTree = "<group>";
		};
		12E3DA3C18E0399700DBDB79 /* WLCameraViewController */ = {
			isa = PBXGroup;
			children = (
				12E3DA3D18E0399700DBDB79 /* WLCameraViewController.h */,
				12E3DA3E18E0399700DBDB79 /* WLCameraViewController.m */,
			);
			path = WLCameraViewController;
			sourceTree = "<group>";
		};
		12E3DA4318E049C300DBDB79 /* Resources */ = {
			isa = PBXGroup;
			children = (
				121B1B2F18E0749F001F585C /* Property Lists */,
				12E3DA4418E049C300DBDB79 /* Fonts */,
				12E3DA5018E049C300DBDB79 /* Images.xcassets */,
			);
			path = Resources;
			sourceTree = "<group>";
		};
		12E3DA4418E049C300DBDB79 /* Fonts */ = {
			isa = PBXGroup;
			children = (
				12E3DA4518E049C300DBDB79 /* Open_Sans */,
			);
			path = Fonts;
			sourceTree = "<group>";
		};
		12E3DA4518E049C300DBDB79 /* Open_Sans */ = {
			isa = PBXGroup;
			children = (
				12E3DA4618E049C300DBDB79 /* OpenSans-Bold.ttf */,
				12E3DA4718E049C300DBDB79 /* OpenSans-BoldItalic.ttf */,
				12E3DA4818E049C300DBDB79 /* OpenSans-ExtraBold.ttf */,
				12E3DA4918E049C300DBDB79 /* OpenSans-ExtraBoldItalic.ttf */,
				12E3DA4A18E049C300DBDB79 /* OpenSans-Italic.ttf */,
				12E3DA4B18E049C300DBDB79 /* OpenSans-Light.ttf */,
				12E3DA4C18E049C300DBDB79 /* OpenSans-LightItalic.ttf */,
				12E3DA4D18E049C300DBDB79 /* OpenSans-Regular.ttf */,
				12E3DA4E18E049C300DBDB79 /* OpenSans-Semibold.ttf */,
				12E3DA4F18E049C300DBDB79 /* OpenSans-SemiboldItalic.ttf */,
			);
			path = Open_Sans;
			sourceTree = "<group>";
		};
		12E3DA5C18E04CC400DBDB79 /* Categories */ = {
			isa = PBXGroup;
			children = (
				125D4A5018E069B3001B8E7C /* UIFont */,
				125D4A4C18E068E6001B8E7C /* NSDate */,
				125D4A4818E0676E001B8E7C /* UILabel */,
				12E3DA5D18E04CC400DBDB79 /* UIImage */,
			);
			path = Categories;
			sourceTree = "<group>";
		};
		12E3DA5D18E04CC400DBDB79 /* UIImage */ = {
			isa = PBXGroup;
			children = (
				12E3DA5E18E04CC400DBDB79 /* UIImage+Alpha.h */,
				12E3DA5F18E04CC400DBDB79 /* UIImage+Alpha.m */,
				12E3DA6018E04CC400DBDB79 /* UIImage+Resize.h */,
				12E3DA6118E04CC400DBDB79 /* UIImage+Resize.m */,
				12E3DA6218E04CC400DBDB79 /* UIImage+RoundedCorner.h */,
				12E3DA6318E04CC400DBDB79 /* UIImage+RoundedCorner.m */,
			);
			path = UIImage;
			sourceTree = "<group>";
		};
/* End PBXGroup section */

/* Begin PBXNativeTarget section */
		12A7A6FE18DA0945008FF6F0 /* WrapLive */ = {
			isa = PBXNativeTarget;
			buildConfigurationList = 12A7A73118DA0946008FF6F0 /* Build configuration list for PBXNativeTarget "WrapLive" */;
			buildPhases = (
				C0F7B8B3D4B64C73B15D49B4 /* Check Pods Manifest.lock */,
				12A7A6FB18DA0945008FF6F0 /* Sources */,
				12A7A6FC18DA0945008FF6F0 /* Frameworks */,
				12A7A6FD18DA0945008FF6F0 /* Resources */,
				635DA26797604B1F927001E0 /* Copy Pods Resources */,
			);
			buildRules = (
			);
			dependencies = (
			);
			name = WrapLive;
			productName = WrapLive;
			productReference = 12A7A6FF18DA0945008FF6F0 /* WrapLive.app */;
			productType = "com.apple.product-type.application";
		};
/* End PBXNativeTarget section */

/* Begin PBXProject section */
		12A7A6F718DA0945008FF6F0 /* Project object */ = {
			isa = PBXProject;
			attributes = {
				CLASSPREFIX = WL;
				LastUpgradeCheck = 0510;
				ORGANIZATIONNAME = Mobidev;
			};
			buildConfigurationList = 12A7A6FA18DA0945008FF6F0 /* Build configuration list for PBXProject "WrapLive" */;
			compatibilityVersion = "Xcode 3.2";
			developmentRegion = English;
			hasScannedForEncodings = 0;
			knownRegions = (
				en,
				Base,
			);
			mainGroup = 12A7A6F618DA0945008FF6F0;
			productRefGroup = 12A7A70018DA0945008FF6F0 /* Products */;
			projectDirPath = "";
			projectRoot = "";
			targets = (
				12A7A6FE18DA0945008FF6F0 /* WrapLive */,
			);
		};
/* End PBXProject section */

/* Begin PBXResourcesBuildPhase section */
		12A7A6FD18DA0945008FF6F0 /* Resources */ = {
			isa = PBXResourcesBuildPhase;
			buildActionMask = 2147483647;
			files = (
				12E3DA5518E049C300DBDB79 /* OpenSans-Italic.ttf in Resources */,
				12E3DA5218E049C300DBDB79 /* OpenSans-BoldItalic.ttf in Resources */,
				12E3DA5918E049C300DBDB79 /* OpenSans-Semibold.ttf in Resources */,
				12E3DA5318E049C300DBDB79 /* OpenSans-ExtraBold.ttf in Resources */,
				12A7A70D18DA0946008FF6F0 /* InfoPlist.strings in Resources */,
				12E3DA5B18E049C300DBDB79 /* Images.xcassets in Resources */,
				125D4A4718E06710001B8E7C /* WLCountiesViewController.xib in Resources */,
				12E3DA5718E049C300DBDB79 /* OpenSans-LightItalic.ttf in Resources */,
				121B1B3118E0749F001F585C /* WLDummyWraps.plist in Resources */,
				125D4A5918E0729B001B8E7C /* WLCountryCell.xib in Resources */,
				12E3DA5118E049C300DBDB79 /* OpenSans-Bold.ttf in Resources */,
				12A7A71618DA0946008FF6F0 /* Main.storyboard in Resources */,
				12E3DA5A18E049C300DBDB79 /* OpenSans-SemiboldItalic.ttf in Resources */,
				121B1B3318E074D0001F585C /* WLCountries.plist in Resources */,
				12E3DA5618E049C300DBDB79 /* OpenSans-Light.ttf in Resources */,
				12E3DA5818E049C300DBDB79 /* OpenSans-Regular.ttf in Resources */,
				12E3DA5418E049C300DBDB79 /* OpenSans-ExtraBoldItalic.ttf in Resources */,
			);
			runOnlyForDeploymentPostprocessing = 0;
		};
/* End PBXResourcesBuildPhase section */

/* Begin PBXShellScriptBuildPhase section */
		635DA26797604B1F927001E0 /* Copy Pods Resources */ = {
			isa = PBXShellScriptBuildPhase;
			buildActionMask = 2147483647;
			files = (
			);
			inputPaths = (
			);
			name = "Copy Pods Resources";
			outputPaths = (
			);
			runOnlyForDeploymentPostprocessing = 0;
			shellPath = /bin/sh;
			shellScript = "\"${SRCROOT}/Pods/Pods-resources.sh\"\n";
			showEnvVarsInLog = 0;
		};
		C0F7B8B3D4B64C73B15D49B4 /* Check Pods Manifest.lock */ = {
			isa = PBXShellScriptBuildPhase;
			buildActionMask = 2147483647;
			files = (
			);
			inputPaths = (
			);
			name = "Check Pods Manifest.lock";
			outputPaths = (
			);
			runOnlyForDeploymentPostprocessing = 0;
			shellPath = /bin/sh;
			shellScript = "diff \"${PODS_ROOT}/../Podfile.lock\" \"${PODS_ROOT}/Manifest.lock\" > /dev/null\nif [[ $? != 0 ]] ; then\n    cat << EOM\nerror: The sandbox is not in sync with the Podfile.lock. Run 'pod install' or update your CocoaPods installation.\nEOM\n    exit 1\nfi\n";
			showEnvVarsInLog = 0;
		};
/* End PBXShellScriptBuildPhase section */

/* Begin PBXSourcesBuildPhase section */
		12A7A6FB18DA0945008FF6F0 /* Sources */ = {
			isa = PBXSourcesBuildPhase;
			buildActionMask = 2147483647;
			files = (
				125D4A5318E069C6001B8E7C /* UIFont+CustomFonts.m in Sources */,
				125D4A4F18E068E6001B8E7C /* NSDate+Formatting.m in Sources */,
				12E3DA6518E04CC400DBDB79 /* UIImage+Resize.m in Sources */,
				121B1B2E18E07430001F585C /* WLCountry.m in Sources */,
				12DCBA8418DB18F400A4BC44 /* WLCollectionItemCell.m in Sources */,
				12E3DA4218E03EB000DBDB79 /* WLSupportFunctions.m in Sources */,
				12A7A70F18DA0946008FF6F0 /* main.m in Sources */,
				12E3DA3F18E0399700DBDB79 /* WLCameraViewController.m in Sources */,
				12DCBA6318DB0DEF00A4BC44 /* WLEntry.m in Sources */,
				12DCBA7C18DB17D000A4BC44 /* WLWrapCell.m in Sources */,
				125D4A4618E06710001B8E7C /* WLCountiesViewController.m in Sources */,
				12DCBA6718DB0E4A00A4BC44 /* WLWrap.m in Sources */,
				12DCBA5818DAF98C00A4BC44 /* WLAPIManager.m in Sources */,
				12DCBA6B18DB0E6600A4BC44 /* WLComment.m in Sources */,
				12A7A74518DA180C008FF6F0 /* WLHomeViewController.m in Sources */,
				12DCBA7318DB0E9700A4BC44 /* WLImage.m in Sources */,
				125D4A5818E0729B001B8E7C /* WLCountryCell.m in Sources */,
				128886AD18DC493B00957B22 /* WLSession.m in Sources */,
				128886B118DC90E000957B22 /* WLArchivingObject.m in Sources */,
				12A7A73D18DA0A06008FF6F0 /* WLWelcomeViewController.m in Sources */,
				12DCBA8B18DB39B500A4BC44 /* WLWrapViewController.m in Sources */,
				12E3DA6618E04CC400DBDB79 /* UIImage+RoundedCorner.m in Sources */,
				12DCBA6F18DB0E7F00A4BC44 /* WLWrapEntry.m in Sources */,
				12DCBA7718DB0EB800A4BC44 /* WLConversation.m in Sources */,
				12A7A71318DA0946008FF6F0 /* WLAppDelegate.m in Sources */,
				12E3DA6418E04CC400DBDB79 /* UIImage+Alpha.m in Sources */,
				12DCBA8518DB18F400A4BC44 /* WLItemCell.m in Sources */,
				12A7A74118DA10DD008FF6F0 /* WLSignUpViewController.m in Sources */,
				125D4A4B18E0679A001B8E7C /* UILabel+CustomFonts.m in Sources */,
				12DCBA5F18DB0DA700A4BC44 /* WLUser.m in Sources */,
			);
			runOnlyForDeploymentPostprocessing = 0;
		};
/* End PBXSourcesBuildPhase section */

/* Begin PBXVariantGroup section */
		12A7A70B18DA0946008FF6F0 /* InfoPlist.strings */ = {
			isa = PBXVariantGroup;
			children = (
				12A7A70C18DA0946008FF6F0 /* en */,
			);
			name = InfoPlist.strings;
			sourceTree = "<group>";
		};
		12A7A71418DA0946008FF6F0 /* Main.storyboard */ = {
			isa = PBXVariantGroup;
			children = (
				12A7A71518DA0946008FF6F0 /* Base */,
			);
			name = Main.storyboard;
			sourceTree = "<group>";
		};
/* End PBXVariantGroup section */

/* Begin XCBuildConfiguration section */
		12A7A72F18DA0946008FF6F0 /* Debug */ = {
			isa = XCBuildConfiguration;
			buildSettings = {
				ALWAYS_SEARCH_USER_PATHS = NO;
				CLANG_CXX_LANGUAGE_STANDARD = "gnu++0x";
				CLANG_CXX_LIBRARY = "libc++";
				CLANG_ENABLE_MODULES = YES;
				CLANG_ENABLE_OBJC_ARC = YES;
				CLANG_WARN_BOOL_CONVERSION = YES;
				CLANG_WARN_CONSTANT_CONVERSION = YES;
				CLANG_WARN_DIRECT_OBJC_ISA_USAGE = YES_ERROR;
				CLANG_WARN_EMPTY_BODY = YES;
				CLANG_WARN_ENUM_CONVERSION = YES;
				CLANG_WARN_INT_CONVERSION = YES;
				CLANG_WARN_OBJC_ROOT_CLASS = YES_ERROR;
				CLANG_WARN__DUPLICATE_METHOD_MATCH = YES;
				"CODE_SIGN_IDENTITY[sdk=iphoneos*]" = "iPhone Developer";
				COPY_PHASE_STRIP = NO;
				GCC_C_LANGUAGE_STANDARD = gnu99;
				GCC_DYNAMIC_NO_PIC = NO;
				GCC_OPTIMIZATION_LEVEL = 0;
				GCC_PREPROCESSOR_DEFINITIONS = (
					"DEBUG=1",
					"$(inherited)",
				);
				GCC_SYMBOLS_PRIVATE_EXTERN = NO;
				GCC_WARN_64_TO_32_BIT_CONVERSION = YES;
				GCC_WARN_ABOUT_RETURN_TYPE = YES_ERROR;
				GCC_WARN_UNDECLARED_SELECTOR = YES;
				GCC_WARN_UNINITIALIZED_AUTOS = YES_AGGRESSIVE;
				GCC_WARN_UNUSED_FUNCTION = YES;
				GCC_WARN_UNUSED_VARIABLE = YES;
				IPHONEOS_DEPLOYMENT_TARGET = 7.1;
				ONLY_ACTIVE_ARCH = YES;
				SDKROOT = iphoneos;
			};
			name = Debug;
		};
		12A7A73018DA0946008FF6F0 /* Release */ = {
			isa = XCBuildConfiguration;
			buildSettings = {
				ALWAYS_SEARCH_USER_PATHS = NO;
				CLANG_CXX_LANGUAGE_STANDARD = "gnu++0x";
				CLANG_CXX_LIBRARY = "libc++";
				CLANG_ENABLE_MODULES = YES;
				CLANG_ENABLE_OBJC_ARC = YES;
				CLANG_WARN_BOOL_CONVERSION = YES;
				CLANG_WARN_CONSTANT_CONVERSION = YES;
				CLANG_WARN_DIRECT_OBJC_ISA_USAGE = YES_ERROR;
				CLANG_WARN_EMPTY_BODY = YES;
				CLANG_WARN_ENUM_CONVERSION = YES;
				CLANG_WARN_INT_CONVERSION = YES;
				CLANG_WARN_OBJC_ROOT_CLASS = YES_ERROR;
				CLANG_WARN__DUPLICATE_METHOD_MATCH = YES;
				"CODE_SIGN_IDENTITY[sdk=iphoneos*]" = "iPhone Developer";
				COPY_PHASE_STRIP = YES;
				ENABLE_NS_ASSERTIONS = NO;
				GCC_C_LANGUAGE_STANDARD = gnu99;
				GCC_WARN_64_TO_32_BIT_CONVERSION = YES;
				GCC_WARN_ABOUT_RETURN_TYPE = YES_ERROR;
				GCC_WARN_UNDECLARED_SELECTOR = YES;
				GCC_WARN_UNINITIALIZED_AUTOS = YES_AGGRESSIVE;
				GCC_WARN_UNUSED_FUNCTION = YES;
				GCC_WARN_UNUSED_VARIABLE = YES;
				IPHONEOS_DEPLOYMENT_TARGET = 7.1;
				SDKROOT = iphoneos;
				VALIDATE_PRODUCT = YES;
			};
			name = Release;
		};
		12A7A73218DA0946008FF6F0 /* Debug */ = {
			isa = XCBuildConfiguration;
			baseConfigurationReference = 98C86618D23B4CC5B2807E94 /* Pods.xcconfig */;
			buildSettings = {
				ASSETCATALOG_COMPILER_APPICON_NAME = AppIcon;
				ASSETCATALOG_COMPILER_LAUNCHIMAGE_NAME = LaunchImage;
				GCC_PRECOMPILE_PREFIX_HEADER = YES;
				GCC_PREFIX_HEADER = "WrapLive/WrapLive-Prefix.pch";
				INFOPLIST_FILE = "WrapLive/WrapLive-Info.plist";
				IPHONEOS_DEPLOYMENT_TARGET = 6.1;
				PRODUCT_NAME = "$(TARGET_NAME)";
				PROVISIONING_PROFILE = "DFF5C19A-5A5B-4D6B-B19A-39B3DCBAC638";
				WRAPPER_EXTENSION = app;
			};
			name = Debug;
		};
		12A7A73318DA0946008FF6F0 /* Release */ = {
			isa = XCBuildConfiguration;
			baseConfigurationReference = 98C86618D23B4CC5B2807E94 /* Pods.xcconfig */;
			buildSettings = {
				ASSETCATALOG_COMPILER_APPICON_NAME = AppIcon;
				ASSETCATALOG_COMPILER_LAUNCHIMAGE_NAME = LaunchImage;
				GCC_PRECOMPILE_PREFIX_HEADER = YES;
				GCC_PREFIX_HEADER = "WrapLive/WrapLive-Prefix.pch";
				INFOPLIST_FILE = "WrapLive/WrapLive-Info.plist";
				IPHONEOS_DEPLOYMENT_TARGET = 6.1;
				PRODUCT_NAME = "$(TARGET_NAME)";
				PROVISIONING_PROFILE = "DFF5C19A-5A5B-4D6B-B19A-39B3DCBAC638";
				WRAPPER_EXTENSION = app;
			};
			name = Release;
		};
/* End XCBuildConfiguration section */

/* Begin XCConfigurationList section */
		12A7A6FA18DA0945008FF6F0 /* Build configuration list for PBXProject "WrapLive" */ = {
			isa = XCConfigurationList;
			buildConfigurations = (
				12A7A72F18DA0946008FF6F0 /* Debug */,
				12A7A73018DA0946008FF6F0 /* Release */,
			);
			defaultConfigurationIsVisible = 0;
			defaultConfigurationName = Release;
		};
		12A7A73118DA0946008FF6F0 /* Build configuration list for PBXNativeTarget "WrapLive" */ = {
			isa = XCConfigurationList;
			buildConfigurations = (
				12A7A73218DA0946008FF6F0 /* Debug */,
				12A7A73318DA0946008FF6F0 /* Release */,
			);
			defaultConfigurationIsVisible = 0;
			defaultConfigurationName = Release;
		};
/* End XCConfigurationList section */
	};
	rootObject = 12A7A6F718DA0945008FF6F0 /* Project object */;
}
